// !$*UTF8*$!
{
	archiveVersion = 1;
	classes = {
	};
	objectVersion = 56;
	objects = {

/* Begin PBXBuildFile section */
		CB3756B12C871BFA009BC05A /* LottieView.swift in Sources */ = {isa = PBXBuildFile; fileRef = CB3756B02C871BFA009BC05A /* LottieView.swift */; };
		CB3756B42C871C22009BC05A /* Constants.swift in Sources */ = {isa = PBXBuildFile; fileRef = CB3756B32C871C22009BC05A /* Constants.swift */; };
		CB3756B72C871DB4009BC05A /* Lottie in Frameworks */ = {isa = PBXBuildFile; productRef = CB3756B62C871DB4009BC05A /* Lottie */; };
		CB3756B92C871DF1009BC05A /* WelcomeView.swift in Sources */ = {isa = PBXBuildFile; fileRef = CB3756B82C871DF1009BC05A /* WelcomeView.swift */; };
		CB3756BB2C871F97009BC05A /* Animation - 1725359454310.json in Resources */ = {isa = PBXBuildFile; fileRef = CB3756BA2C871F97009BC05A /* Animation - 1725359454310.json */; };
		CB3756C82C873CC4009BC05A /* RecipeListView.swift in Sources */ = {isa = PBXBuildFile; fileRef = CB3756C72C873CC4009BC05A /* RecipeListView.swift */; };
		CB3756CA2C873CD4009BC05A /* SearchRecipeView.swift in Sources */ = {isa = PBXBuildFile; fileRef = CB3756C92C873CD4009BC05A /* SearchRecipeView.swift */; };
		CB3756CC2C873CE1009BC05A /* CreateRecipeView.swift in Sources */ = {isa = PBXBuildFile; fileRef = CB3756CB2C873CE1009BC05A /* CreateRecipeView.swift */; };
		CB3756CE2C873CF6009BC05A /* SavedRecipeView.swift in Sources */ = {isa = PBXBuildFile; fileRef = CB3756CD2C873CF6009BC05A /* SavedRecipeView.swift */; };
		CB3756D02C873D09009BC05A /* TabBarView.swift in Sources */ = {isa = PBXBuildFile; fileRef = CB3756CF2C873D09009BC05A /* TabBarView.swift */; };
		CB80ADE92C8D39CF00EF082F /* Recipe.swift in Sources */ = {isa = PBXBuildFile; fileRef = CB80ADE82C8D39CF00EF082F /* Recipe.swift */; };
		CB80ADEB2C8D477700EF082F /* RecipeViewModel.swift in Sources */ = {isa = PBXBuildFile; fileRef = CB80ADEA2C8D477700EF082F /* RecipeViewModel.swift */; };
		CB80ADF22C8D580E00EF082F /* RecipeCardView.swift in Sources */ = {isa = PBXBuildFile; fileRef = CB80ADF12C8D580E00EF082F /* RecipeCardView.swift */; };
		CB80ADFD2C8D732C00EF082F /* RecipeDetailView.swift in Sources */ = {isa = PBXBuildFile; fileRef = CB80ADFC2C8D732C00EF082F /* RecipeDetailView.swift */; };
		CB80ADFF2C8D7E4400EF082F /* AddRecipeView.swift in Sources */ = {isa = PBXBuildFile; fileRef = CB80ADFE2C8D7E4400EF082F /* AddRecipeView.swift */; };
		CB80AE012C8DA16100EF082F /* OwnRecipe.swift in Sources */ = {isa = PBXBuildFile; fileRef = CB80AE002C8DA16100EF082F /* OwnRecipe.swift */; };
		CB80AE032C8DB1AF00EF082F /* OwnRecipeViewModel.swift in Sources */ = {isa = PBXBuildFile; fileRef = CB80AE022C8DB1AF00EF082F /* OwnRecipeViewModel.swift */; };
		CB80AE052C8DB5A800EF082F /* MyRecipesDetailView.swift in Sources */ = {isa = PBXBuildFile; fileRef = CB80AE042C8DB5A800EF082F /* MyRecipesDetailView.swift */; };
		CB80AE072C8DB60100EF082F /* OwnRecipeCardView.swift in Sources */ = {isa = PBXBuildFile; fileRef = CB80AE062C8DB60100EF082F /* OwnRecipeCardView.swift */; };
		CB80AE092C8DBA7100EF082F /* ImagePicker.swift in Sources */ = {isa = PBXBuildFile; fileRef = CB80AE082C8DBA7100EF082F /* ImagePicker.swift */; };
		CB95E8572C8EE70A0043E259 /* HTMLTextView.swift in Sources */ = {isa = PBXBuildFile; fileRef = CB95E8562C8EE70A0043E259 /* HTMLTextView.swift */; };
		CBB44AF72C87E303003582F1 /* SettingView.swift in Sources */ = {isa = PBXBuildFile; fileRef = CBB44AF62C87E303003582F1 /* SettingView.swift */; };
		CBCCFDDA2C906A0800D6C7CD /* RecipeDetailFix.swift in Sources */ = {isa = PBXBuildFile; fileRef = CBCCFDD92C906A0800D6C7CD /* RecipeDetailFix.swift */; };
		CBF0F4092C8462EB0061415A /* CookNRecipeApp.swift in Sources */ = {isa = PBXBuildFile; fileRef = CBF0F4082C8462EB0061415A /* CookNRecipeApp.swift */; };
		CBF0F40B2C8462EB0061415A /* ContentView.swift in Sources */ = {isa = PBXBuildFile; fileRef = CBF0F40A2C8462EB0061415A /* ContentView.swift */; };
		CBF0F40D2C8462EC0061415A /* Assets.xcassets in Resources */ = {isa = PBXBuildFile; fileRef = CBF0F40C2C8462EC0061415A /* Assets.xcassets */; };
		CBF0F4102C8462EC0061415A /* Preview Assets.xcassets in Resources */ = {isa = PBXBuildFile; fileRef = CBF0F40F2C8462EC0061415A /* Preview Assets.xcassets */; };
		CBF0F41A2C84641B0061415A /* User.swift in Sources */ = {isa = PBXBuildFile; fileRef = CBF0F4192C84641B0061415A /* User.swift */; };
		CBF0F41C2C8464EF0061415A /* InputView.swift in Sources */ = {isa = PBXBuildFile; fileRef = CBF0F41B2C8464EF0061415A /* InputView.swift */; };
		CBF0F41E2C8465260061415A /* SettingRowView.swift in Sources */ = {isa = PBXBuildFile; fileRef = CBF0F41D2C8465260061415A /* SettingRowView.swift */; };
		CBF0F4202C84655C0061415A /* LoginView.swift in Sources */ = {isa = PBXBuildFile; fileRef = CBF0F41F2C84655C0061415A /* LoginView.swift */; };
		CBF0F4222C84658D0061415A /* RegistrationView.swift in Sources */ = {isa = PBXBuildFile; fileRef = CBF0F4212C84658D0061415A /* RegistrationView.swift */; };
		CBF0F4242C8465BD0061415A /* ProfileView.swift in Sources */ = {isa = PBXBuildFile; fileRef = CBF0F4232C8465BD0061415A /* ProfileView.swift */; };
		CBF0F4262C8467D10061415A /* GoogleService-Info.plist in Resources */ = {isa = PBXBuildFile; fileRef = CBF0F4252C8467D10061415A /* GoogleService-Info.plist */; };
		CBF0F4292C8468600061415A /* FirebaseAuth in Frameworks */ = {isa = PBXBuildFile; productRef = CBF0F4282C8468600061415A /* FirebaseAuth */; };
		CBF0F42B2C8468600061415A /* FirebaseFirestore in Frameworks */ = {isa = PBXBuildFile; productRef = CBF0F42A2C8468600061415A /* FirebaseFirestore */; };
		CBF0F42D2C8468600061415A /* FirebaseStorage in Frameworks */ = {isa = PBXBuildFile; productRef = CBF0F42C2C8468600061415A /* FirebaseStorage */; };
		CBF0F42F2C8468AC0061415A /* AuthViewModel.swift in Sources */ = {isa = PBXBuildFile; fileRef = CBF0F42E2C8468AC0061415A /* AuthViewModel.swift */; };
		CBF0F4312C8477300061415A /* LaunchScreenView.swift in Sources */ = {isa = PBXBuildFile; fileRef = CBF0F4302C8477300061415A /* LaunchScreenView.swift */; };
/* End PBXBuildFile section */

/* Begin PBXFileReference section */
		CB3756B02C871BFA009BC05A /* LottieView.swift */ = {isa = PBXFileReference; lastKnownFileType = sourcecode.swift; path = LottieView.swift; sourceTree = "<group>"; };
		CB3756B32C871C22009BC05A /* Constants.swift */ = {isa = PBXFileReference; lastKnownFileType = sourcecode.swift; path = Constants.swift; sourceTree = "<group>"; };
		CB3756B82C871DF1009BC05A /* WelcomeView.swift */ = {isa = PBXFileReference; lastKnownFileType = sourcecode.swift; path = WelcomeView.swift; sourceTree = "<group>"; };
		CB3756BA2C871F97009BC05A /* Animation - 1725359454310.json */ = {isa = PBXFileReference; fileEncoding = 4; lastKnownFileType = text.json; path = "Animation - 1725359454310.json"; sourceTree = "<group>"; };
		CB3756C72C873CC4009BC05A /* RecipeListView.swift */ = {isa = PBXFileReference; lastKnownFileType = sourcecode.swift; path = RecipeListView.swift; sourceTree = "<group>"; };
		CB3756C92C873CD4009BC05A /* SearchRecipeView.swift */ = {isa = PBXFileReference; lastKnownFileType = sourcecode.swift; path = SearchRecipeView.swift; sourceTree = "<group>"; };
		CB3756CB2C873CE1009BC05A /* CreateRecipeView.swift */ = {isa = PBXFileReference; lastKnownFileType = sourcecode.swift; path = CreateRecipeView.swift; sourceTree = "<group>"; };
		CB3756CD2C873CF6009BC05A /* SavedRecipeView.swift */ = {isa = PBXFileReference; lastKnownFileType = sourcecode.swift; path = SavedRecipeView.swift; sourceTree = "<group>"; };
		CB3756CF2C873D09009BC05A /* TabBarView.swift */ = {isa = PBXFileReference; lastKnownFileType = sourcecode.swift; path = TabBarView.swift; sourceTree = "<group>"; };
		CB80ADE82C8D39CF00EF082F /* Recipe.swift */ = {isa = PBXFileReference; lastKnownFileType = sourcecode.swift; path = Recipe.swift; sourceTree = "<group>"; };
		CB80ADEA2C8D477700EF082F /* RecipeViewModel.swift */ = {isa = PBXFileReference; lastKnownFileType = sourcecode.swift; path = RecipeViewModel.swift; sourceTree = "<group>"; };
		CB80ADF12C8D580E00EF082F /* RecipeCardView.swift */ = {isa = PBXFileReference; lastKnownFileType = sourcecode.swift; path = RecipeCardView.swift; sourceTree = "<group>"; };
		CB80ADFC2C8D732C00EF082F /* RecipeDetailView.swift */ = {isa = PBXFileReference; lastKnownFileType = sourcecode.swift; path = RecipeDetailView.swift; sourceTree = "<group>"; };
		CB80ADFE2C8D7E4400EF082F /* AddRecipeView.swift */ = {isa = PBXFileReference; lastKnownFileType = sourcecode.swift; path = AddRecipeView.swift; sourceTree = "<group>"; };
		CB80AE002C8DA16100EF082F /* OwnRecipe.swift */ = {isa = PBXFileReference; lastKnownFileType = sourcecode.swift; path = OwnRecipe.swift; sourceTree = "<group>"; };
		CB80AE022C8DB1AF00EF082F /* OwnRecipeViewModel.swift */ = {isa = PBXFileReference; lastKnownFileType = sourcecode.swift; path = OwnRecipeViewModel.swift; sourceTree = "<group>"; };
		CB80AE042C8DB5A800EF082F /* MyRecipesDetailView.swift */ = {isa = PBXFileReference; lastKnownFileType = sourcecode.swift; path = MyRecipesDetailView.swift; sourceTree = "<group>"; };
		CB80AE062C8DB60100EF082F /* OwnRecipeCardView.swift */ = {isa = PBXFileReference; lastKnownFileType = sourcecode.swift; path = OwnRecipeCardView.swift; sourceTree = "<group>"; };
		CB80AE082C8DBA7100EF082F /* ImagePicker.swift */ = {isa = PBXFileReference; lastKnownFileType = sourcecode.swift; path = ImagePicker.swift; sourceTree = "<group>"; };
		CB95E8562C8EE70A0043E259 /* HTMLTextView.swift */ = {isa = PBXFileReference; lastKnownFileType = sourcecode.swift; path = HTMLTextView.swift; sourceTree = "<group>"; };
		CBB44AF62C87E303003582F1 /* SettingView.swift */ = {isa = PBXFileReference; lastKnownFileType = sourcecode.swift; path = SettingView.swift; sourceTree = "<group>"; };
		CBCCFDD92C906A0800D6C7CD /* RecipeDetailFix.swift */ = {isa = PBXFileReference; lastKnownFileType = sourcecode.swift; path = RecipeDetailFix.swift; sourceTree = "<group>"; };
		CBF0F4052C8462EB0061415A /* CookNRecipe.app */ = {isa = PBXFileReference; explicitFileType = wrapper.application; includeInIndex = 0; path = CookNRecipe.app; sourceTree = BUILT_PRODUCTS_DIR; };
		CBF0F4082C8462EB0061415A /* CookNRecipeApp.swift */ = {isa = PBXFileReference; lastKnownFileType = sourcecode.swift; path = CookNRecipeApp.swift; sourceTree = "<group>"; };
		CBF0F40A2C8462EB0061415A /* ContentView.swift */ = {isa = PBXFileReference; lastKnownFileType = sourcecode.swift; path = ContentView.swift; sourceTree = "<group>"; };
		CBF0F40C2C8462EC0061415A /* Assets.xcassets */ = {isa = PBXFileReference; lastKnownFileType = folder.assetcatalog; path = Assets.xcassets; sourceTree = "<group>"; };
		CBF0F40F2C8462EC0061415A /* Preview Assets.xcassets */ = {isa = PBXFileReference; lastKnownFileType = folder.assetcatalog; path = "Preview Assets.xcassets"; sourceTree = "<group>"; };
		CBF0F4192C84641B0061415A /* User.swift */ = {isa = PBXFileReference; lastKnownFileType = sourcecode.swift; path = User.swift; sourceTree = "<group>"; };
		CBF0F41B2C8464EF0061415A /* InputView.swift */ = {isa = PBXFileReference; lastKnownFileType = sourcecode.swift; path = InputView.swift; sourceTree = "<group>"; };
		CBF0F41D2C8465260061415A /* SettingRowView.swift */ = {isa = PBXFileReference; lastKnownFileType = sourcecode.swift; path = SettingRowView.swift; sourceTree = "<group>"; };
		CBF0F41F2C84655C0061415A /* LoginView.swift */ = {isa = PBXFileReference; lastKnownFileType = sourcecode.swift; path = LoginView.swift; sourceTree = "<group>"; };
		CBF0F4212C84658D0061415A /* RegistrationView.swift */ = {isa = PBXFileReference; lastKnownFileType = sourcecode.swift; path = RegistrationView.swift; sourceTree = "<group>"; };
		CBF0F4232C8465BD0061415A /* ProfileView.swift */ = {isa = PBXFileReference; lastKnownFileType = sourcecode.swift; path = ProfileView.swift; sourceTree = "<group>"; };
		CBF0F4252C8467D10061415A /* GoogleService-Info.plist */ = {isa = PBXFileReference; fileEncoding = 4; lastKnownFileType = text.plist.xml; path = "GoogleService-Info.plist"; sourceTree = SOURCE_ROOT; };
		CBF0F42E2C8468AC0061415A /* AuthViewModel.swift */ = {isa = PBXFileReference; lastKnownFileType = sourcecode.swift; path = AuthViewModel.swift; sourceTree = "<group>"; };
		CBF0F4302C8477300061415A /* LaunchScreenView.swift */ = {isa = PBXFileReference; lastKnownFileType = sourcecode.swift; path = LaunchScreenView.swift; sourceTree = "<group>"; };
/* End PBXFileReference section */

/* Begin PBXFrameworksBuildPhase section */
		CBF0F4022C8462EB0061415A /* Frameworks */ = {
			isa = PBXFrameworksBuildPhase;
			buildActionMask = 2147483647;
			files = (
				CBF0F4292C8468600061415A /* FirebaseAuth in Frameworks */,
				CBF0F42B2C8468600061415A /* FirebaseFirestore in Frameworks */,
				CBF0F42D2C8468600061415A /* FirebaseStorage in Frameworks */,
				CB3756B72C871DB4009BC05A /* Lottie in Frameworks */,
			);
			runOnlyForDeploymentPostprocessing = 0;
		};
/* End PBXFrameworksBuildPhase section */

/* Begin PBXGroup section */
		CB3756B22C871C09009BC05A /* Lottie */ = {
			isa = PBXGroup;
			children = (
				CB3756BA2C871F97009BC05A /* Animation - 1725359454310.json */,
				CB3756B02C871BFA009BC05A /* LottieView.swift */,
				CB3756B32C871C22009BC05A /* Constants.swift */,
			);
			path = Lottie;
			sourceTree = "<group>";
		};
		CB3756BC2C872BB0009BC05A /* EntryAppView */ = {
			isa = PBXGroup;
			children = (
				CBF0F4302C8477300061415A /* LaunchScreenView.swift */,
				CB3756B82C871DF1009BC05A /* WelcomeView.swift */,
				CBF0F40A2C8462EB0061415A /* ContentView.swift */,
				CBF0F41F2C84655C0061415A /* LoginView.swift */,
				CBF0F4212C84658D0061415A /* RegistrationView.swift */,
				CBF0F41B2C8464EF0061415A /* InputView.swift */,
			);
			path = EntryAppView;
			sourceTree = "<group>";
		};
		CB80ADEE2C8D578E00EF082F /* AllRecipesView */ = {
			isa = PBXGroup;
			children = (
				CB80ADF12C8D580E00EF082F /* RecipeCardView.swift */,
				CB80ADFC2C8D732C00EF082F /* RecipeDetailView.swift */,
				CB3756C72C873CC4009BC05A /* RecipeListView.swift */,
				CB95E8562C8EE70A0043E259 /* HTMLTextView.swift */,
				CBCCFDD92C906A0800D6C7CD /* RecipeDetailFix.swift */,
			);
			path = AllRecipesView;
			sourceTree = "<group>";
		};
		CB80AE0A2C8DC70200EF082F /* OwnRecipeView */ = {
			isa = PBXGroup;
			children = (
				CB3756CB2C873CE1009BC05A /* CreateRecipeView.swift */,
				CB80ADFE2C8D7E4400EF082F /* AddRecipeView.swift */,
				CB80AE042C8DB5A800EF082F /* MyRecipesDetailView.swift */,
				CB80AE062C8DB60100EF082F /* OwnRecipeCardView.swift */,
				CB80AE082C8DBA7100EF082F /* ImagePicker.swift */,
			);
			path = OwnRecipeView;
			sourceTree = "<group>";
		};
		CB80AE0B2C8DC72F00EF082F /* ProfileView */ = {
			isa = PBXGroup;
			children = (
				CBF0F4232C8465BD0061415A /* ProfileView.swift */,
				CBF0F41D2C8465260061415A /* SettingRowView.swift */,
				CBB44AF62C87E303003582F1 /* SettingView.swift */,
			);
			path = ProfileView;
			sourceTree = "<group>";
		};
		CBF0F3FC2C8462EB0061415A = {
			isa = PBXGroup;
			children = (
				CBF0F4072C8462EB0061415A /* CookNRecipe */,
				CBF0F4062C8462EB0061415A /* Products */,
			);
			sourceTree = "<group>";
		};
		CBF0F4062C8462EB0061415A /* Products */ = {
			isa = PBXGroup;
			children = (
				CBF0F4052C8462EB0061415A /* CookNRecipe.app */,
			);
			name = Products;
			sourceTree = "<group>";
		};
		CBF0F4072C8462EB0061415A /* CookNRecipe */ = {
			isa = PBXGroup;
			children = (
				CBF0F4082C8462EB0061415A /* CookNRecipeApp.swift */,
				CBF0F4182C8463EB0061415A /* View */,
				CBF0F4172C8463DE0061415A /* ViewModel */,
				CBF0F4162C8463D90061415A /* Model */,
				CBF0F40C2C8462EC0061415A /* Assets.xcassets */,
				CBF0F4252C8467D10061415A /* GoogleService-Info.plist */,
				CBF0F40E2C8462EC0061415A /* Preview Content */,
			);
			path = CookNRecipe;
			sourceTree = "<group>";
		};
		CBF0F40E2C8462EC0061415A /* Preview Content */ = {
			isa = PBXGroup;
			children = (
				CBF0F40F2C8462EC0061415A /* Preview Assets.xcassets */,
			);
			path = "Preview Content";
			sourceTree = "<group>";
		};
		CBF0F4162C8463D90061415A /* Model */ = {
			isa = PBXGroup;
			children = (
				CBF0F4192C84641B0061415A /* User.swift */,
				CB80ADE82C8D39CF00EF082F /* Recipe.swift */,
				CB80AE002C8DA16100EF082F /* OwnRecipe.swift */,
			);
			path = Model;
			sourceTree = "<group>";
		};
		CBF0F4172C8463DE0061415A /* ViewModel */ = {
			isa = PBXGroup;
			children = (
				CBF0F42E2C8468AC0061415A /* AuthViewModel.swift */,
				CB80ADEA2C8D477700EF082F /* RecipeViewModel.swift */,
				CB80AE022C8DB1AF00EF082F /* OwnRecipeViewModel.swift */,
			);
			path = ViewModel;
			sourceTree = "<group>";
		};
		CBF0F4182C8463EB0061415A /* View */ = {
			isa = PBXGroup;
			children = (
				CB80AE0B2C8DC72F00EF082F /* ProfileView */,
				CB80AE0A2C8DC70200EF082F /* OwnRecipeView */,
				CB80ADEE2C8D578E00EF082F /* AllRecipesView */,
				CB3756BC2C872BB0009BC05A /* EntryAppView */,
				CB3756C92C873CD4009BC05A /* SearchRecipeView.swift */,
				CB3756CD2C873CF6009BC05A /* SavedRecipeView.swift */,
				CB3756CF2C873D09009BC05A /* TabBarView.swift */,
				CB3756B22C871C09009BC05A /* Lottie */,
			);
			path = View;
			sourceTree = "<group>";
		};
/* End PBXGroup section */

/* Begin PBXNativeTarget section */
		CBF0F4042C8462EB0061415A /* CookNRecipe */ = {
			isa = PBXNativeTarget;
			buildConfigurationList = CBF0F4132C8462EC0061415A /* Build configuration list for PBXNativeTarget "CookNRecipe" */;
			buildPhases = (
				CBF0F4012C8462EB0061415A /* Sources */,
				CBF0F4022C8462EB0061415A /* Frameworks */,
				CBF0F4032C8462EB0061415A /* Resources */,
			);
			buildRules = (
			);
			dependencies = (
			);
			name = CookNRecipe;
			packageProductDependencies = (
				CBF0F4282C8468600061415A /* FirebaseAuth */,
				CBF0F42A2C8468600061415A /* FirebaseFirestore */,
				CBF0F42C2C8468600061415A /* FirebaseStorage */,
				CB3756B62C871DB4009BC05A /* Lottie */,
			);
			productName = CookNRecipe;
			productReference = CBF0F4052C8462EB0061415A /* CookNRecipe.app */;
			productType = "com.apple.product-type.application";
		};
/* End PBXNativeTarget section */

/* Begin PBXProject section */
		CBF0F3FD2C8462EB0061415A /* Project object */ = {
			isa = PBXProject;
			attributes = {
				BuildIndependentTargetsInParallel = 1;
				LastSwiftUpdateCheck = 1540;
				LastUpgradeCheck = 1540;
				TargetAttributes = {
					CBF0F4042C8462EB0061415A = {
						CreatedOnToolsVersion = 15.4;
					};
				};
			};
			buildConfigurationList = CBF0F4002C8462EB0061415A /* Build configuration list for PBXProject "CookNRecipe" */;
			compatibilityVersion = "Xcode 14.0";
			developmentRegion = en;
			hasScannedForEncodings = 0;
			knownRegions = (
				en,
				Base,
			);
			mainGroup = CBF0F3FC2C8462EB0061415A;
			packageReferences = (
				CBF0F4272C8468600061415A /* XCRemoteSwiftPackageReference "firebase-ios-sdk" */,
				CB3756B52C871DB4009BC05A /* XCRemoteSwiftPackageReference "lottie-ios" */,
			);
			productRefGroup = CBF0F4062C8462EB0061415A /* Products */;
			projectDirPath = "";
			projectRoot = "";
			targets = (
				CBF0F4042C8462EB0061415A /* CookNRecipe */,
			);
		};
/* End PBXProject section */

/* Begin PBXResourcesBuildPhase section */
		CBF0F4032C8462EB0061415A /* Resources */ = {
			isa = PBXResourcesBuildPhase;
			buildActionMask = 2147483647;
			files = (
				CB3756BB2C871F97009BC05A /* Animation - 1725359454310.json in Resources */,
				CBF0F4102C8462EC0061415A /* Preview Assets.xcassets in Resources */,
				CBF0F40D2C8462EC0061415A /* Assets.xcassets in Resources */,
				CBF0F4262C8467D10061415A /* GoogleService-Info.plist in Resources */,
			);
			runOnlyForDeploymentPostprocessing = 0;
		};
/* End PBXResourcesBuildPhase section */

/* Begin PBXSourcesBuildPhase section */
		CBF0F4012C8462EB0061415A /* Sources */ = {
			isa = PBXSourcesBuildPhase;
			buildActionMask = 2147483647;
			files = (
				CBF0F4242C8465BD0061415A /* ProfileView.swift in Sources */,
				CB3756C82C873CC4009BC05A /* RecipeListView.swift in Sources */,
				CB80ADFF2C8D7E4400EF082F /* AddRecipeView.swift in Sources */,
				CBF0F4202C84655C0061415A /* LoginView.swift in Sources */,
				CB80ADF22C8D580E00EF082F /* RecipeCardView.swift in Sources */,
				CBF0F40B2C8462EB0061415A /* ContentView.swift in Sources */,
				CBF0F41C2C8464EF0061415A /* InputView.swift in Sources */,
				CBF0F4222C84658D0061415A /* RegistrationView.swift in Sources */,
				CB3756CE2C873CF6009BC05A /* SavedRecipeView.swift in Sources */,
				CB3756CA2C873CD4009BC05A /* SearchRecipeView.swift in Sources */,
				CB80AE012C8DA16100EF082F /* OwnRecipe.swift in Sources */,
				CBF0F4312C8477300061415A /* LaunchScreenView.swift in Sources */,
				CB3756CC2C873CE1009BC05A /* CreateRecipeView.swift in Sources */,
				CB80AE052C8DB5A800EF082F /* MyRecipesDetailView.swift in Sources */,
				CBB44AF72C87E303003582F1 /* SettingView.swift in Sources */,
				CB95E8572C8EE70A0043E259 /* HTMLTextView.swift in Sources */,
				CB3756D02C873D09009BC05A /* TabBarView.swift in Sources */,
				CB80AE032C8DB1AF00EF082F /* OwnRecipeViewModel.swift in Sources */,
				CBCCFDDA2C906A0800D6C7CD /* RecipeDetailFix.swift in Sources */,
				CB80AE092C8DBA7100EF082F /* ImagePicker.swift in Sources */,
				CBF0F4092C8462EB0061415A /* CookNRecipeApp.swift in Sources */,
				CB3756B92C871DF1009BC05A /* WelcomeView.swift in Sources */,
				CB80AE072C8DB60100EF082F /* OwnRecipeCardView.swift in Sources */,
				CB80ADFD2C8D732C00EF082F /* RecipeDetailView.swift in Sources */,
				CBF0F41A2C84641B0061415A /* User.swift in Sources */,
				CBF0F41E2C8465260061415A /* SettingRowView.swift in Sources */,
				CB3756B12C871BFA009BC05A /* LottieView.swift in Sources */,
				CBF0F42F2C8468AC0061415A /* AuthViewModel.swift in Sources */,
				CB3756B42C871C22009BC05A /* Constants.swift in Sources */,
				CB80ADE92C8D39CF00EF082F /* Recipe.swift in Sources */,
				CB80ADEB2C8D477700EF082F /* RecipeViewModel.swift in Sources */,
			);
			runOnlyForDeploymentPostprocessing = 0;
		};
/* End PBXSourcesBuildPhase section */

/* Begin XCBuildConfiguration section */
		CBF0F4112C8462EC0061415A /* Debug */ = {
			isa = XCBuildConfiguration;
			buildSettings = {
				ALWAYS_SEARCH_USER_PATHS = NO;
				ASSETCATALOG_COMPILER_GENERATE_SWIFT_ASSET_SYMBOL_EXTENSIONS = YES;
				CLANG_ANALYZER_NONNULL = YES;
				CLANG_ANALYZER_NUMBER_OBJECT_CONVERSION = YES_AGGRESSIVE;
				CLANG_CXX_LANGUAGE_STANDARD = "gnu++20";
				CLANG_ENABLE_MODULES = YES;
				CLANG_ENABLE_OBJC_ARC = YES;
				CLANG_ENABLE_OBJC_WEAK = YES;
				CLANG_WARN_BLOCK_CAPTURE_AUTORELEASING = YES;
				CLANG_WARN_BOOL_CONVERSION = YES;
				CLANG_WARN_COMMA = YES;
				CLANG_WARN_CONSTANT_CONVERSION = YES;
				CLANG_WARN_DEPRECATED_OBJC_IMPLEMENTATIONS = YES;
				CLANG_WARN_DIRECT_OBJC_ISA_USAGE = YES_ERROR;
				CLANG_WARN_DOCUMENTATION_COMMENTS = YES;
				CLANG_WARN_EMPTY_BODY = YES;
				CLANG_WARN_ENUM_CONVERSION = YES;
				CLANG_WARN_INFINITE_RECURSION = YES;
				CLANG_WARN_INT_CONVERSION = YES;
				CLANG_WARN_NON_LITERAL_NULL_CONVERSION = YES;
				CLANG_WARN_OBJC_IMPLICIT_RETAIN_SELF = YES;
				CLANG_WARN_OBJC_LITERAL_CONVERSION = YES;
				CLANG_WARN_OBJC_ROOT_CLASS = YES_ERROR;
				CLANG_WARN_QUOTED_INCLUDE_IN_FRAMEWORK_HEADER = YES;
				CLANG_WARN_RANGE_LOOP_ANALYSIS = YES;
				CLANG_WARN_STRICT_PROTOTYPES = YES;
				CLANG_WARN_SUSPICIOUS_MOVE = YES;
				CLANG_WARN_UNGUARDED_AVAILABILITY = YES_AGGRESSIVE;
				CLANG_WARN_UNREACHABLE_CODE = YES;
				CLANG_WARN__DUPLICATE_METHOD_MATCH = YES;
				COPY_PHASE_STRIP = NO;
				DEBUG_INFORMATION_FORMAT = dwarf;
				ENABLE_STRICT_OBJC_MSGSEND = YES;
				ENABLE_TESTABILITY = YES;
				ENABLE_USER_SCRIPT_SANDBOXING = YES;
				GCC_C_LANGUAGE_STANDARD = gnu17;
				GCC_DYNAMIC_NO_PIC = NO;
				GCC_NO_COMMON_BLOCKS = YES;
				GCC_OPTIMIZATION_LEVEL = 0;
				GCC_PREPROCESSOR_DEFINITIONS = (
					"DEBUG=1",
					"$(inherited)",
				);
				GCC_WARN_64_TO_32_BIT_CONVERSION = YES;
				GCC_WARN_ABOUT_RETURN_TYPE = YES_ERROR;
				GCC_WARN_UNDECLARED_SELECTOR = YES;
				GCC_WARN_UNINITIALIZED_AUTOS = YES_AGGRESSIVE;
				GCC_WARN_UNUSED_FUNCTION = YES;
				GCC_WARN_UNUSED_VARIABLE = YES;
				IPHONEOS_DEPLOYMENT_TARGET = 17.5;
				LOCALIZATION_PREFERS_STRING_CATALOGS = YES;
				MTL_ENABLE_DEBUG_INFO = INCLUDE_SOURCE;
				MTL_FAST_MATH = YES;
				ONLY_ACTIVE_ARCH = YES;
				SDKROOT = iphoneos;
				SWIFT_ACTIVE_COMPILATION_CONDITIONS = "DEBUG $(inherited)";
				SWIFT_OPTIMIZATION_LEVEL = "-Onone";
			};
			name = Debug;
		};
		CBF0F4122C8462EC0061415A /* Release */ = {
			isa = XCBuildConfiguration;
			buildSettings = {
				ALWAYS_SEARCH_USER_PATHS = NO;
				ASSETCATALOG_COMPILER_GENERATE_SWIFT_ASSET_SYMBOL_EXTENSIONS = YES;
				CLANG_ANALYZER_NONNULL = YES;
				CLANG_ANALYZER_NUMBER_OBJECT_CONVERSION = YES_AGGRESSIVE;
				CLANG_CXX_LANGUAGE_STANDARD = "gnu++20";
				CLANG_ENABLE_MODULES = YES;
				CLANG_ENABLE_OBJC_ARC = YES;
				CLANG_ENABLE_OBJC_WEAK = YES;
				CLANG_WARN_BLOCK_CAPTURE_AUTORELEASING = YES;
				CLANG_WARN_BOOL_CONVERSION = YES;
				CLANG_WARN_COMMA = YES;
				CLANG_WARN_CONSTANT_CONVERSION = YES;
				CLANG_WARN_DEPRECATED_OBJC_IMPLEMENTATIONS = YES;
				CLANG_WARN_DIRECT_OBJC_ISA_USAGE = YES_ERROR;
				CLANG_WARN_DOCUMENTATION_COMMENTS = YES;
				CLANG_WARN_EMPTY_BODY = YES;
				CLANG_WARN_ENUM_CONVERSION = YES;
				CLANG_WARN_INFINITE_RECURSION = YES;
				CLANG_WARN_INT_CONVERSION = YES;
				CLANG_WARN_NON_LITERAL_NULL_CONVERSION = YES;
				CLANG_WARN_OBJC_IMPLICIT_RETAIN_SELF = YES;
				CLANG_WARN_OBJC_LITERAL_CONVERSION = YES;
				CLANG_WARN_OBJC_ROOT_CLASS = YES_ERROR;
				CLANG_WARN_QUOTED_INCLUDE_IN_FRAMEWORK_HEADER = YES;
				CLANG_WARN_RANGE_LOOP_ANALYSIS = YES;
				CLANG_WARN_STRICT_PROTOTYPES = YES;
				CLANG_WARN_SUSPICIOUS_MOVE = YES;
				CLANG_WARN_UNGUARDED_AVAILABILITY = YES_AGGRESSIVE;
				CLANG_WARN_UNREACHABLE_CODE = YES;
				CLANG_WARN__DUPLICATE_METHOD_MATCH = YES;
				COPY_PHASE_STRIP = NO;
				DEBUG_INFORMATION_FORMAT = "dwarf-with-dsym";
				ENABLE_NS_ASSERTIONS = NO;
				ENABLE_STRICT_OBJC_MSGSEND = YES;
				ENABLE_USER_SCRIPT_SANDBOXING = YES;
				GCC_C_LANGUAGE_STANDARD = gnu17;
				GCC_NO_COMMON_BLOCKS = YES;
				GCC_WARN_64_TO_32_BIT_CONVERSION = YES;
				GCC_WARN_ABOUT_RETURN_TYPE = YES_ERROR;
				GCC_WARN_UNDECLARED_SELECTOR = YES;
				GCC_WARN_UNINITIALIZED_AUTOS = YES_AGGRESSIVE;
				GCC_WARN_UNUSED_FUNCTION = YES;
				GCC_WARN_UNUSED_VARIABLE = YES;
				IPHONEOS_DEPLOYMENT_TARGET = 17.5;
				LOCALIZATION_PREFERS_STRING_CATALOGS = YES;
				MTL_ENABLE_DEBUG_INFO = NO;
				MTL_FAST_MATH = YES;
				SDKROOT = iphoneos;
				SWIFT_COMPILATION_MODE = wholemodule;
				VALIDATE_PRODUCT = YES;
			};
			name = Release;
		};
		CBF0F4142C8462EC0061415A /* Debug */ = {
			isa = XCBuildConfiguration;
			buildSettings = {
				ASSETCATALOG_COMPILER_APPICON_NAME = AppIcon;
				ASSETCATALOG_COMPILER_GLOBAL_ACCENT_COLOR_NAME = AccentColor;
				CODE_SIGN_STYLE = Automatic;
				CURRENT_PROJECT_VERSION = 1;
				DEVELOPMENT_ASSET_PATHS = "\"CookNRecipe/Preview Content\"";
				ENABLE_PREVIEWS = YES;
				GENERATE_INFOPLIST_FILE = YES;
				INFOPLIST_KEY_UIApplicationSceneManifest_Generation = YES;
				INFOPLIST_KEY_UIApplicationSupportsIndirectInputEvents = YES;
				INFOPLIST_KEY_UILaunchScreen_Generation = YES;
				INFOPLIST_KEY_UISupportedInterfaceOrientations_iPad = "UIInterfaceOrientationPortrait UIInterfaceOrientationPortraitUpsideDown UIInterfaceOrientationLandscapeLeft UIInterfaceOrientationLandscapeRight";
				INFOPLIST_KEY_UISupportedInterfaceOrientations_iPhone = "UIInterfaceOrientationPortrait UIInterfaceOrientationLandscapeLeft UIInterfaceOrientationLandscapeRight";
				LD_RUNPATH_SEARCH_PATHS = (
					"$(inherited)",
					"@executable_path/Frameworks",
				);
				MARKETING_VERSION = 1.0;
				PRODUCT_BUNDLE_IDENTIFIER = au.edu.uts.CookNRecipe;
				PRODUCT_NAME = "$(TARGET_NAME)";
				SWIFT_EMIT_LOC_STRINGS = YES;
				SWIFT_VERSION = 5.0;
				TARGETED_DEVICE_FAMILY = "1,2";
			};
			name = Debug;
		};
		CBF0F4152C8462EC0061415A /* Release */ = {
			isa = XCBuildConfiguration;
			buildSettings = {
				ASSETCATALOG_COMPILER_APPICON_NAME = AppIcon;
				ASSETCATALOG_COMPILER_GLOBAL_ACCENT_COLOR_NAME = AccentColor;
				CODE_SIGN_STYLE = Automatic;
				CURRENT_PROJECT_VERSION = 1;
				DEVELOPMENT_ASSET_PATHS = "\"CookNRecipe/Preview Content\"";
				ENABLE_PREVIEWS = YES;
				GENERATE_INFOPLIST_FILE = YES;
				INFOPLIST_KEY_UIApplicationSceneManifest_Generation = YES;
				INFOPLIST_KEY_UIApplicationSupportsIndirectInputEvents = YES;
				INFOPLIST_KEY_UILaunchScreen_Generation = YES;
				INFOPLIST_KEY_UISupportedInterfaceOrientations_iPad = "UIInterfaceOrientationPortrait UIInterfaceOrientationPortraitUpsideDown UIInterfaceOrientationLandscapeLeft UIInterfaceOrientationLandscapeRight";
				INFOPLIST_KEY_UISupportedInterfaceOrientations_iPhone = "UIInterfaceOrientationPortrait UIInterfaceOrientationLandscapeLeft UIInterfaceOrientationLandscapeRight";
				LD_RUNPATH_SEARCH_PATHS = (
					"$(inherited)",
					"@executable_path/Frameworks",
				);
				MARKETING_VERSION = 1.0;
				PRODUCT_BUNDLE_IDENTIFIER = au.edu.uts.CookNRecipe;
				PRODUCT_NAME = "$(TARGET_NAME)";
				SWIFT_EMIT_LOC_STRINGS = YES;
				SWIFT_VERSION = 5.0;
				TARGETED_DEVICE_FAMILY = "1,2";
			};
			name = Release;
		};
/* End XCBuildConfiguration section */

/* Begin XCConfigurationList section */
		CBF0F4002C8462EB0061415A /* Build configuration list for PBXProject "CookNRecipe" */ = {
			isa = XCConfigurationList;
			buildConfigurations = (
				CBF0F4112C8462EC0061415A /* Debug */,
				CBF0F4122C8462EC0061415A /* Release */,
			);
			defaultConfigurationIsVisible = 0;
			defaultConfigurationName = Release;
		};
		CBF0F4132C8462EC0061415A /* Build configuration list for PBXNativeTarget "CookNRecipe" */ = {
			isa = XCConfigurationList;
			buildConfigurations = (
				CBF0F4142C8462EC0061415A /* Debug */,
				CBF0F4152C8462EC0061415A /* Release */,
			);
			defaultConfigurationIsVisible = 0;
			defaultConfigurationName = Release;
		};
/* End XCConfigurationList section */

/* Begin XCRemoteSwiftPackageReference section */
		CB3756B52C871DB4009BC05A /* XCRemoteSwiftPackageReference "lottie-ios" */ = {
			isa = XCRemoteSwiftPackageReference;
			repositoryURL = "https://github.com/airbnb/lottie-ios";
			requirement = {
				kind = upToNextMajorVersion;
				minimumVersion = 4.5.0;
			};
		};
		CBF0F4272C8468600061415A /* XCRemoteSwiftPackageReference "firebase-ios-sdk" */ = {
			isa = XCRemoteSwiftPackageReference;
			repositoryURL = "https://github.com/firebase/firebase-ios-sdk";
			requirement = {
				kind = upToNextMajorVersion;
				minimumVersion = 11.1.0;
			};
		};
/* End XCRemoteSwiftPackageReference section */

/* Begin XCSwiftPackageProductDependency section */
		CB3756B62C871DB4009BC05A /* Lottie */ = {
			isa = XCSwiftPackageProductDependency;
			package = CB3756B52C871DB4009BC05A /* XCRemoteSwiftPackageReference "lottie-ios" */;
			productName = Lottie;
		};
		CBF0F4282C8468600061415A /* FirebaseAuth */ = {
			isa = XCSwiftPackageProductDependency;
			package = CBF0F4272C8468600061415A /* XCRemoteSwiftPackageReference "firebase-ios-sdk" */;
			productName = FirebaseAuth;
		};
		CBF0F42A2C8468600061415A /* FirebaseFirestore */ = {
			isa = XCSwiftPackageProductDependency;
			package = CBF0F4272C8468600061415A /* XCRemoteSwiftPackageReference "firebase-ios-sdk" */;
			productName = FirebaseFirestore;
		};
		CBF0F42C2C8468600061415A /* FirebaseStorage */ = {
			isa = XCSwiftPackageProductDependency;
			package = CBF0F4272C8468600061415A /* XCRemoteSwiftPackageReference "firebase-ios-sdk" */;
			productName = FirebaseStorage;
		};
/* End XCSwiftPackageProductDependency section */
	};
	rootObject = CBF0F3FD2C8462EB0061415A /* Project object */;
}
